// !$*UTF8*$!
{
	archiveVersion = 1;
	classes = {
	};
	objectVersion = 46;
	objects = {

/* Begin PBXBuildFile section */
		780649C115D6DAA400215377 /* Default@2x.png in Resources */ = {isa = PBXBuildFile; fileRef = 780649C015D6DAA400215377 /* Default@2x.png */; };
		780649C315D6DAA700215377 /* Default.png in Resources */ = {isa = PBXBuildFile; fileRef = 780649C215D6DAA700215377 /* Default.png */; };
		780649C615D6DB4300215377 /* libGoogleAnalytics.a in Frameworks */ = {isa = PBXBuildFile; fileRef = 780649C515D6DB4300215377 /* libGoogleAnalytics.a */; };
		780649C815D6DB4F00215377 /* libsqlite3.dylib in Frameworks */ = {isa = PBXBuildFile; fileRef = 780649C715D6DB4F00215377 /* libsqlite3.dylib */; };
		780649CA15D6DBD100215377 /* CFNetwork.framework in Frameworks */ = {isa = PBXBuildFile; fileRef = 780649C915D6DBD100215377 /* CFNetwork.framework */; };
		780649CD15D6DD2700215377 /* libTestFlight.a in Frameworks */ = {isa = PBXBuildFile; fileRef = 780649CB15D6DD2700215377 /* libTestFlight.a */; };
		780649CF15D6DD9400215377 /* libz.dylib in Frameworks */ = {isa = PBXBuildFile; fileRef = 780649CE15D6DD9400215377 /* libz.dylib */; };
		782BC58D15D4E40600243886 /* zepto.js in Resources */ = {isa = PBXBuildFile; fileRef = 780BD80515D383D3000C0A0E /* zepto.js */; };
		782BC59015D525D900243886 /* spin.js in Resources */ = {isa = PBXBuildFile; fileRef = 782BC58F15D525D900243886 /* spin.js */; };
		782BC59B15D6CBF600243886 /* SVModalWebViewController.m in Sources */ = {isa = PBXBuildFile; fileRef = 782BC59715D6CBF600243886 /* SVModalWebViewController.m */; };
		782BC59C15D6CBF600243886 /* SVWebViewController.bundle in Resources */ = {isa = PBXBuildFile; fileRef = 782BC59815D6CBF600243886 /* SVWebViewController.bundle */; };
		782BC59D15D6CBF600243886 /* SVWebViewController.m in Sources */ = {isa = PBXBuildFile; fileRef = 782BC59A15D6CBF600243886 /* SVWebViewController.m */; };
		782BC59F15D6CC6600243886 /* MessageUI.framework in Frameworks */ = {isa = PBXBuildFile; fileRef = 782BC59E15D6CC6600243886 /* MessageUI.framework */; };
		7852E7E915D185B500FF2605 /* HTMLNode.m in Sources */ = {isa = PBXBuildFile; fileRef = 7852E7E515D185B500FF2605 /* HTMLNode.m */; settings = {COMPILER_FLAGS = "-fno-objc-arc"; }; };
		7852E7EA15D185B500FF2605 /* HTMLParser.m in Sources */ = {isa = PBXBuildFile; fileRef = 7852E7E715D185B500FF2605 /* HTMLParser.m */; settings = {COMPILER_FLAGS = "-fno-objc-arc"; }; };
		7852E7EB15D185B500FF2605 /* README.md in Resources */ = {isa = PBXBuildFile; fileRef = 7852E7E815D185B500FF2605 /* README.md */; };
		7852E7EE15D1876D00FF2605 /* template.html in Resources */ = {isa = PBXBuildFile; fileRef = 7852E7ED15D1876D00FF2605 /* template.html */; };
		78A14FCF15D0474100EE58D7 /* ORFWeatherViewController.m in Sources */ = {isa = PBXBuildFile; fileRef = 78A14FCE15D0474100EE58D7 /* ORFWeatherViewController.m */; };
		78A14FD315D049E900EE58D7 /* AppDelegate.m in Sources */ = {isa = PBXBuildFile; fileRef = 78A14FD215D049E900EE58D7 /* AppDelegate.m */; };
		78CBD1BE15ED240A00CAD2D5 /* VideoForecastViewController.m in Sources */ = {isa = PBXBuildFile; fileRef = 78CBD1BD15ED240A00CAD2D5 /* VideoForecastViewController.m */; };
		78CBD1C115ED26F900CAD2D5 /* VideoForecast.storyboard in Resources */ = {isa = PBXBuildFile; fileRef = 78CBD1C015ED26F900CAD2D5 /* VideoForecast.storyboard */; };
		78CBD1C715EDE75B00CAD2D5 /* AVFoundation.framework in Frameworks */ = {isa = PBXBuildFile; fileRef = 78CBD1C615EDE75B00CAD2D5 /* AVFoundation.framework */; };
		78D1248F16AFD602002BC7C9 /* Icon-72.png in Resources */ = {isa = PBXBuildFile; fileRef = 78D1248B16AFD602002BC7C9 /* Icon-72.png */; };
		78D1249016AFD602002BC7C9 /* Icon-72@2x.png in Resources */ = {isa = PBXBuildFile; fileRef = 78D1248C16AFD602002BC7C9 /* Icon-72@2x.png */; };
		78D1249116AFD602002BC7C9 /* Icon-Small-50.png in Resources */ = {isa = PBXBuildFile; fileRef = 78D1248D16AFD602002BC7C9 /* Icon-Small-50.png */; };
		78D1249216AFD602002BC7C9 /* Icon-Small-50@2x.png in Resources */ = {isa = PBXBuildFile; fileRef = 78D1248E16AFD602002BC7C9 /* Icon-Small-50@2x.png */; };
		78D1249516AFD647002BC7C9 /* Default-568h@2x.png in Resources */ = {isa = PBXBuildFile; fileRef = 78D1249416AFD647002BC7C9 /* Default-568h@2x.png */; };
		78D7AB2115D93F1100DF9EEF /* UIButtonBarRefresh@2x.png in Resources */ = {isa = PBXBuildFile; fileRef = 78D7AB2015D93F1100DF9EEF /* UIButtonBarRefresh@2x.png */; };
		C314B600122C3BA8008640C1 /* austria.png in Resources */ = {isa = PBXBuildFile; fileRef = C314B5FF122C3BA8008640C1 /* austria.png */; };
		C314B637122C3F2D008640C1 /* burgenland.png in Resources */ = {isa = PBXBuildFile; fileRef = C314B636122C3F2D008640C1 /* burgenland.png */; };
		C314B670122C41C3008640C1 /* vienna.png in Resources */ = {isa = PBXBuildFile; fileRef = C314B66F122C41C3008640C1 /* vienna.png */; };
		C314B67D122C428B008640C1 /* loweraustria.png in Resources */ = {isa = PBXBuildFile; fileRef = C314B67C122C428B008640C1 /* loweraustria.png */; };
		C314B681122C432C008640C1 /* styria.png in Resources */ = {isa = PBXBuildFile; fileRef = C314B680122C432C008640C1 /* styria.png */; };
		C314B68B122C43CD008640C1 /* upperaustria.png in Resources */ = {isa = PBXBuildFile; fileRef = C314B68A122C43CD008640C1 /* upperaustria.png */; };
		C314B690122C4475008640C1 /* salzburg.png in Resources */ = {isa = PBXBuildFile; fileRef = C314B68F122C4475008640C1 /* salzburg.png */; };
		C314B696122C4512008640C1 /* tyrol.png in Resources */ = {isa = PBXBuildFile; fileRef = C314B695122C4512008640C1 /* tyrol.png */; };
		C314B69B122C45AD008640C1 /* vorarlberg.png in Resources */ = {isa = PBXBuildFile; fileRef = C314B69A122C45AD008640C1 /* vorarlberg.png */; };
		C314B69F122C4636008640C1 /* carinthia.png in Resources */ = {isa = PBXBuildFile; fileRef = C314B69E122C4636008640C1 /* carinthia.png */; };
		C32F4600129A900E00A3675D /* QuartzCore.framework in Frameworks */ = {isa = PBXBuildFile; fileRef = C32F45FF129A900E00A3675D /* QuartzCore.framework */; };
		C32F46B4129A943F00A3675D /* libxml2.dylib in Frameworks */ = {isa = PBXBuildFile; fileRef = C3229D6A122A923D00BE66E2 /* libxml2.dylib */; };
		C33B13EE12363EEE00C1A7A7 /* Icon-Small.png in Resources */ = {isa = PBXBuildFile; fileRef = C33B13EC12363EEE00C1A7A7 /* Icon-Small.png */; };
		C33B13EF12363EEE00C1A7A7 /* Icon-Small@2x.png in Resources */ = {isa = PBXBuildFile; fileRef = C33B13ED12363EEE00C1A7A7 /* Icon-Small@2x.png */; };
		C34D437A122BD09A0013A586 /* Icon.png in Resources */ = {isa = PBXBuildFile; fileRef = C34D4379122BD09A0013A586 /* Icon.png */; };
		C373907E12316BAA00CA7599 /* austria@2x.png in Resources */ = {isa = PBXBuildFile; fileRef = C373907D12316BAA00CA7599 /* austria@2x.png */; };
		C3A7B5DD122A8DDF00FE8D9B /* UIKit.framework in Frameworks */ = {isa = PBXBuildFile; fileRef = C3A7B5DC122A8DDF00FE8D9B /* UIKit.framework */; };
		C3A7B5DF122A8DDF00FE8D9B /* Foundation.framework in Frameworks */ = {isa = PBXBuildFile; fileRef = C3A7B5DE122A8DDF00FE8D9B /* Foundation.framework */; };
		C3A7B5E1122A8DDF00FE8D9B /* CoreGraphics.framework in Frameworks */ = {isa = PBXBuildFile; fileRef = C3A7B5E0122A8DDF00FE8D9B /* CoreGraphics.framework */; };
		C3A7B5E8122A8DDF00FE8D9B /* main.m in Sources */ = {isa = PBXBuildFile; fileRef = C3A7B5E7122A8DDF00FE8D9B /* main.m */; };
		C3D79FF61231224000468261 /* Icon@2x.png in Resources */ = {isa = PBXBuildFile; fileRef = C3D79FF51231224000468261 /* Icon@2x.png */; };
		C3FD5DCF12362DB100419A3B /* burgenland@2x.png in Resources */ = {isa = PBXBuildFile; fileRef = C3FD5DC512362DB100419A3B /* burgenland@2x.png */; };
		C3FD5DD012362DB100419A3B /* carinthia@2x.png in Resources */ = {isa = PBXBuildFile; fileRef = C3FD5DC612362DB100419A3B /* carinthia@2x.png */; };
		C3FD5DD112362DB100419A3B /* loweraustria@2x.png in Resources */ = {isa = PBXBuildFile; fileRef = C3FD5DC712362DB100419A3B /* loweraustria@2x.png */; };
		C3FD5DD212362DB100419A3B /* salzburg@2x.png in Resources */ = {isa = PBXBuildFile; fileRef = C3FD5DC812362DB100419A3B /* salzburg@2x.png */; };
		C3FD5DD312362DB100419A3B /* styria@2x.png in Resources */ = {isa = PBXBuildFile; fileRef = C3FD5DC912362DB100419A3B /* styria@2x.png */; };
		C3FD5DD412362DB100419A3B /* tyrol@2x.png in Resources */ = {isa = PBXBuildFile; fileRef = C3FD5DCA12362DB100419A3B /* tyrol@2x.png */; };
		C3FD5DD512362DB100419A3B /* upperaustria@2x.png in Resources */ = {isa = PBXBuildFile; fileRef = C3FD5DCB12362DB100419A3B /* upperaustria@2x.png */; };
		C3FD5DD612362DB100419A3B /* vienna@2x.png in Resources */ = {isa = PBXBuildFile; fileRef = C3FD5DCC12362DB100419A3B /* vienna@2x.png */; };
		C3FD5DD712362DB100419A3B /* vorarlberg@2x.png in Resources */ = {isa = PBXBuildFile; fileRef = C3FD5DCD12362DB100419A3B /* vorarlberg@2x.png */; };
/* End PBXBuildFile section */

/* Begin PBXFileReference section */
		780649C015D6DAA400215377 /* Default@2x.png */ = {isa = PBXFileReference; lastKnownFileType = image.png; path = "Default@2x.png"; sourceTree = "<group>"; };
		780649C215D6DAA700215377 /* Default.png */ = {isa = PBXFileReference; lastKnownFileType = image.png; path = Default.png; sourceTree = "<group>"; };
		780649C415D6DB4300215377 /* GANTracker.h */ = {isa = PBXFileReference; fileEncoding = 4; lastKnownFileType = sourcecode.c.h; path = GANTracker.h; sourceTree = "<group>"; };
		780649C515D6DB4300215377 /* libGoogleAnalytics.a */ = {isa = PBXFileReference; lastKnownFileType = archive.ar; path = libGoogleAnalytics.a; sourceTree = "<group>"; };
		780649C715D6DB4F00215377 /* libsqlite3.dylib */ = {isa = PBXFileReference; lastKnownFileType = "compiled.mach-o.dylib"; name = libsqlite3.dylib; path = usr/lib/libsqlite3.dylib; sourceTree = SDKROOT; };
		780649C915D6DBD100215377 /* CFNetwork.framework */ = {isa = PBXFileReference; lastKnownFileType = wrapper.framework; name = CFNetwork.framework; path = System/Library/Frameworks/CFNetwork.framework; sourceTree = SDKROOT; };
		780649CB15D6DD2700215377 /* libTestFlight.a */ = {isa = PBXFileReference; lastKnownFileType = archive.ar; path = libTestFlight.a; sourceTree = "<group>"; };
		780649CC15D6DD2700215377 /* TestFlight.h */ = {isa = PBXFileReference; fileEncoding = 4; lastKnownFileType = sourcecode.c.h; path = TestFlight.h; sourceTree = "<group>"; };
		780649CE15D6DD9400215377 /* libz.dylib */ = {isa = PBXFileReference; lastKnownFileType = "compiled.mach-o.dylib"; name = libz.dylib; path = usr/lib/libz.dylib; sourceTree = SDKROOT; };
		780BD80515D383D3000C0A0E /* zepto.js */ = {isa = PBXFileReference; fileEncoding = 4; lastKnownFileType = sourcecode.javascript; path = zepto.js; sourceTree = "<group>"; };
		782BC58F15D525D900243886 /* spin.js */ = {isa = PBXFileReference; fileEncoding = 4; lastKnownFileType = sourcecode.javascript; path = spin.js; sourceTree = "<group>"; };
		782BC59615D6CBF600243886 /* SVModalWebViewController.h */ = {isa = PBXFileReference; fileEncoding = 4; lastKnownFileType = sourcecode.c.h; path = SVModalWebViewController.h; sourceTree = "<group>"; };
		782BC59715D6CBF600243886 /* SVModalWebViewController.m */ = {isa = PBXFileReference; fileEncoding = 4; lastKnownFileType = sourcecode.c.objc; path = SVModalWebViewController.m; sourceTree = "<group>"; };
		782BC59815D6CBF600243886 /* SVWebViewController.bundle */ = {isa = PBXFileReference; lastKnownFileType = "wrapper.plug-in"; path = SVWebViewController.bundle; sourceTree = "<group>"; };
		782BC59915D6CBF600243886 /* SVWebViewController.h */ = {isa = PBXFileReference; fileEncoding = 4; lastKnownFileType = sourcecode.c.h; path = SVWebViewController.h; sourceTree = "<group>"; };
		782BC59A15D6CBF600243886 /* SVWebViewController.m */ = {isa = PBXFileReference; fileEncoding = 4; lastKnownFileType = sourcecode.c.objc; path = SVWebViewController.m; sourceTree = "<group>"; };
		782BC59E15D6CC6600243886 /* MessageUI.framework */ = {isa = PBXFileReference; lastKnownFileType = wrapper.framework; name = MessageUI.framework; path = System/Library/Frameworks/MessageUI.framework; sourceTree = SDKROOT; };
		7852E7E415D185B500FF2605 /* HTMLNode.h */ = {isa = PBXFileReference; fileEncoding = 4; lastKnownFileType = sourcecode.c.h; path = HTMLNode.h; sourceTree = "<group>"; };
		7852E7E515D185B500FF2605 /* HTMLNode.m */ = {isa = PBXFileReference; fileEncoding = 4; lastKnownFileType = sourcecode.c.objc; path = HTMLNode.m; sourceTree = "<group>"; };
		7852E7E615D185B500FF2605 /* HTMLParser.h */ = {isa = PBXFileReference; fileEncoding = 4; lastKnownFileType = sourcecode.c.h; path = HTMLParser.h; sourceTree = "<group>"; };
		7852E7E715D185B500FF2605 /* HTMLParser.m */ = {isa = PBXFileReference; fileEncoding = 4; lastKnownFileType = sourcecode.c.objc; path = HTMLParser.m; sourceTree = "<group>"; };
		7852E7E815D185B500FF2605 /* README.md */ = {isa = PBXFileReference; fileEncoding = 4; lastKnownFileType = text; path = README.md; sourceTree = "<group>"; };
		7852E7ED15D1876D00FF2605 /* template.html */ = {isa = PBXFileReference; fileEncoding = 4; lastKnownFileType = text.html; path = template.html; sourceTree = "<group>"; };
		78A14FCD15D0474100EE58D7 /* ORFWeatherViewController.h */ = {isa = PBXFileReference; fileEncoding = 4; lastKnownFileType = sourcecode.c.h; path = ORFWeatherViewController.h; sourceTree = "<group>"; };
		78A14FCE15D0474100EE58D7 /* ORFWeatherViewController.m */ = {isa = PBXFileReference; fileEncoding = 4; lastKnownFileType = sourcecode.c.objc; path = ORFWeatherViewController.m; sourceTree = "<group>"; };
		78A14FD115D049E900EE58D7 /* AppDelegate.h */ = {isa = PBXFileReference; fileEncoding = 4; lastKnownFileType = sourcecode.c.h; path = AppDelegate.h; sourceTree = "<group>"; };
		78A14FD215D049E900EE58D7 /* AppDelegate.m */ = {isa = PBXFileReference; fileEncoding = 4; lastKnownFileType = sourcecode.c.objc; path = AppDelegate.m; sourceTree = "<group>"; };
		78CBD1BC15ED240A00CAD2D5 /* VideoForecastViewController.h */ = {isa = PBXFileReference; fileEncoding = 4; lastKnownFileType = sourcecode.c.h; path = VideoForecastViewController.h; sourceTree = "<group>"; };
		78CBD1BD15ED240A00CAD2D5 /* VideoForecastViewController.m */ = {isa = PBXFileReference; fileEncoding = 4; lastKnownFileType = sourcecode.c.objc; path = VideoForecastViewController.m; sourceTree = "<group>"; };
		78CBD1C015ED26F900CAD2D5 /* VideoForecast.storyboard */ = {isa = PBXFileReference; fileEncoding = 4; lastKnownFileType = file.storyboard; path = VideoForecast.storyboard; sourceTree = "<group>"; };
		78CBD1C615EDE75B00CAD2D5 /* AVFoundation.framework */ = {isa = PBXFileReference; lastKnownFileType = wrapper.framework; name = AVFoundation.framework; path = System/Library/Frameworks/AVFoundation.framework; sourceTree = SDKROOT; };
		78D1248B16AFD602002BC7C9 /* Icon-72.png */ = {isa = PBXFileReference; lastKnownFileType = image.png; path = "Icon-72.png"; sourceTree = "<group>"; };
		78D1248C16AFD602002BC7C9 /* Icon-72@2x.png */ = {isa = PBXFileReference; lastKnownFileType = image.png; path = "Icon-72@2x.png"; sourceTree = "<group>"; };
		78D1248D16AFD602002BC7C9 /* Icon-Small-50.png */ = {isa = PBXFileReference; lastKnownFileType = image.png; path = "Icon-Small-50.png"; sourceTree = "<group>"; };
		78D1248E16AFD602002BC7C9 /* Icon-Small-50@2x.png */ = {isa = PBXFileReference; lastKnownFileType = image.png; path = "Icon-Small-50@2x.png"; sourceTree = "<group>"; };
		78D1249416AFD647002BC7C9 /* Default-568h@2x.png */ = {isa = PBXFileReference; lastKnownFileType = image.png; path = "Default-568h@2x.png"; sourceTree = "<group>"; };
		78D7AB2015D93F1100DF9EEF /* UIButtonBarRefresh@2x.png */ = {isa = PBXFileReference; lastKnownFileType = image.png; path = "UIButtonBarRefresh@2x.png"; sourceTree = "<group>"; };
		C314B5FF122C3BA8008640C1 /* austria.png */ = {isa = PBXFileReference; lastKnownFileType = image.png; path = austria.png; sourceTree = "<group>"; };
		C314B636122C3F2D008640C1 /* burgenland.png */ = {isa = PBXFileReference; lastKnownFileType = image.png; path = burgenland.png; sourceTree = "<group>"; };
		C314B66F122C41C3008640C1 /* vienna.png */ = {isa = PBXFileReference; lastKnownFileType = image.png; path = vienna.png; sourceTree = "<group>"; };
		C314B67C122C428B008640C1 /* loweraustria.png */ = {isa = PBXFileReference; lastKnownFileType = image.png; path = loweraustria.png; sourceTree = "<group>"; };
		C314B680122C432C008640C1 /* styria.png */ = {isa = PBXFileReference; lastKnownFileType = image.png; path = styria.png; sourceTree = "<group>"; };
		C314B68A122C43CD008640C1 /* upperaustria.png */ = {isa = PBXFileReference; lastKnownFileType = image.png; path = upperaustria.png; sourceTree = "<group>"; };
		C314B68F122C4475008640C1 /* salzburg.png */ = {isa = PBXFileReference; lastKnownFileType = image.png; path = salzburg.png; sourceTree = "<group>"; };
		C314B695122C4512008640C1 /* tyrol.png */ = {isa = PBXFileReference; lastKnownFileType = image.png; path = tyrol.png; sourceTree = "<group>"; };
		C314B69A122C45AD008640C1 /* vorarlberg.png */ = {isa = PBXFileReference; lastKnownFileType = image.png; path = vorarlberg.png; sourceTree = "<group>"; };
		C314B69E122C4636008640C1 /* carinthia.png */ = {isa = PBXFileReference; lastKnownFileType = image.png; path = carinthia.png; sourceTree = "<group>"; };
		C3229D6A122A923D00BE66E2 /* libxml2.dylib */ = {isa = PBXFileReference; lastKnownFileType = "compiled.mach-o.dylib"; name = libxml2.dylib; path = usr/lib/libxml2.dylib; sourceTree = SDKROOT; };
		C32F45FF129A900E00A3675D /* QuartzCore.framework */ = {isa = PBXFileReference; lastKnownFileType = wrapper.framework; name = QuartzCore.framework; path = System/Library/Frameworks/QuartzCore.framework; sourceTree = SDKROOT; };
		C33B13E612363EAB00C1A7A7 /* iTunesArtwork */ = {isa = PBXFileReference; lastKnownFileType = file; path = iTunesArtwork; sourceTree = "<group>"; };
		C33B13EC12363EEE00C1A7A7 /* Icon-Small.png */ = {isa = PBXFileReference; lastKnownFileType = image.png; path = "Icon-Small.png"; sourceTree = "<group>"; };
		C33B13ED12363EEE00C1A7A7 /* Icon-Small@2x.png */ = {isa = PBXFileReference; lastKnownFileType = image.png; path = "Icon-Small@2x.png"; sourceTree = "<group>"; };
		C34D4379122BD09A0013A586 /* Icon.png */ = {isa = PBXFileReference; lastKnownFileType = image.png; path = Icon.png; sourceTree = "<group>"; };
		C373907D12316BAA00CA7599 /* austria@2x.png */ = {isa = PBXFileReference; lastKnownFileType = image.png; path = "austria@2x.png"; sourceTree = "<group>"; };
		C3A7B5D9122A8DDF00FE8D9B /* wettertxt.app */ = {isa = PBXFileReference; explicitFileType = wrapper.application; includeInIndex = 0; path = wettertxt.app; sourceTree = BUILT_PRODUCTS_DIR; };
		C3A7B5DC122A8DDF00FE8D9B /* UIKit.framework */ = {isa = PBXFileReference; lastKnownFileType = wrapper.framework; name = UIKit.framework; path = System/Library/Frameworks/UIKit.framework; sourceTree = SDKROOT; };
		C3A7B5DE122A8DDF00FE8D9B /* Foundation.framework */ = {isa = PBXFileReference; lastKnownFileType = wrapper.framework; name = Foundation.framework; path = System/Library/Frameworks/Foundation.framework; sourceTree = SDKROOT; };
		C3A7B5E0122A8DDF00FE8D9B /* CoreGraphics.framework */ = {isa = PBXFileReference; lastKnownFileType = wrapper.framework; name = CoreGraphics.framework; path = System/Library/Frameworks/CoreGraphics.framework; sourceTree = SDKROOT; };
		C3A7B5E2122A8DDF00FE8D9B /* wettertxt-Info.plist */ = {isa = PBXFileReference; lastKnownFileType = text.plist.xml; path = "wettertxt-Info.plist"; sourceTree = "<group>"; };
		C3A7B5E3122A8DDF00FE8D9B /* wettertxt_Prefix.pch */ = {isa = PBXFileReference; lastKnownFileType = sourcecode.c.h; path = wettertxt_Prefix.pch; sourceTree = "<group>"; };
		C3A7B5E7122A8DDF00FE8D9B /* main.m */ = {isa = PBXFileReference; lastKnownFileType = sourcecode.c.objc; path = main.m; sourceTree = "<group>"; };
		C3D79FF51231224000468261 /* Icon@2x.png */ = {isa = PBXFileReference; lastKnownFileType = image.png; path = "Icon@2x.png"; sourceTree = "<group>"; };
		C3FD5DC412362DB100419A3B /* austria@2x.png */ = {isa = PBXFileReference; lastKnownFileType = image.png; path = "austria@2x.png"; sourceTree = "<group>"; };
		C3FD5DC512362DB100419A3B /* burgenland@2x.png */ = {isa = PBXFileReference; lastKnownFileType = image.png; path = "burgenland@2x.png"; sourceTree = "<group>"; };
		C3FD5DC612362DB100419A3B /* carinthia@2x.png */ = {isa = PBXFileReference; lastKnownFileType = image.png; path = "carinthia@2x.png"; sourceTree = "<group>"; };
		C3FD5DC712362DB100419A3B /* loweraustria@2x.png */ = {isa = PBXFileReference; lastKnownFileType = image.png; path = "loweraustria@2x.png"; sourceTree = "<group>"; };
		C3FD5DC812362DB100419A3B /* salzburg@2x.png */ = {isa = PBXFileReference; lastKnownFileType = image.png; path = "salzburg@2x.png"; sourceTree = "<group>"; };
		C3FD5DC912362DB100419A3B /* styria@2x.png */ = {isa = PBXFileReference; lastKnownFileType = image.png; path = "styria@2x.png"; sourceTree = "<group>"; };
		C3FD5DCA12362DB100419A3B /* tyrol@2x.png */ = {isa = PBXFileReference; lastKnownFileType = image.png; path = "tyrol@2x.png"; sourceTree = "<group>"; };
		C3FD5DCB12362DB100419A3B /* upperaustria@2x.png */ = {isa = PBXFileReference; lastKnownFileType = image.png; path = "upperaustria@2x.png"; sourceTree = "<group>"; };
		C3FD5DCC12362DB100419A3B /* vienna@2x.png */ = {isa = PBXFileReference; lastKnownFileType = image.png; path = "vienna@2x.png"; sourceTree = "<group>"; };
		C3FD5DCD12362DB100419A3B /* vorarlberg@2x.png */ = {isa = PBXFileReference; lastKnownFileType = image.png; path = "vorarlberg@2x.png"; sourceTree = "<group>"; };
/* End PBXFileReference section */

/* Begin PBXFrameworksBuildPhase section */
		C3A7B5D6122A8DDF00FE8D9B /* Frameworks */ = {
			isa = PBXFrameworksBuildPhase;
			buildActionMask = 2147483647;
			files = (
				78CBD1C715EDE75B00CAD2D5 /* AVFoundation.framework in Frameworks */,
				780649CF15D6DD9400215377 /* libz.dylib in Frameworks */,
				780649CA15D6DBD100215377 /* CFNetwork.framework in Frameworks */,
				780649C815D6DB4F00215377 /* libsqlite3.dylib in Frameworks */,
				782BC59F15D6CC6600243886 /* MessageUI.framework in Frameworks */,
				C32F46B4129A943F00A3675D /* libxml2.dylib in Frameworks */,
				C32F4600129A900E00A3675D /* QuartzCore.framework in Frameworks */,
				C3A7B5DD122A8DDF00FE8D9B /* UIKit.framework in Frameworks */,
				C3A7B5DF122A8DDF00FE8D9B /* Foundation.framework in Frameworks */,
				C3A7B5E1122A8DDF00FE8D9B /* CoreGraphics.framework in Frameworks */,
				780649C615D6DB4300215377 /* libGoogleAnalytics.a in Frameworks */,
				780649CD15D6DD2700215377 /* libTestFlight.a in Frameworks */,
			);
			runOnlyForDeploymentPostprocessing = 0;
		};
/* End PBXFrameworksBuildPhase section */

/* Begin PBXGroup section */
		782BC59515D6CBF600243886 /* SVWebViewController */ = {
			isa = PBXGroup;
			children = (
				782BC59615D6CBF600243886 /* SVModalWebViewController.h */,
				782BC59715D6CBF600243886 /* SVModalWebViewController.m */,
				782BC59815D6CBF600243886 /* SVWebViewController.bundle */,
				782BC59915D6CBF600243886 /* SVWebViewController.h */,
				782BC59A15D6CBF600243886 /* SVWebViewController.m */,
			);
			path = SVWebViewController;
			sourceTree = "<group>";
		};
		7852E7E315D185B500FF2605 /* Objective-C-HMTL-Parser */ = {
			isa = PBXGroup;
			children = (
				7852E7E415D185B500FF2605 /* HTMLNode.h */,
				7852E7E515D185B500FF2605 /* HTMLNode.m */,
				7852E7E615D185B500FF2605 /* HTMLParser.h */,
				7852E7E715D185B500FF2605 /* HTMLParser.m */,
				7852E7E815D185B500FF2605 /* README.md */,
			);
			path = "Objective-C-HMTL-Parser";
			sourceTree = "<group>";
		};
		C32F46B3129A942A00A3675D /* Dependencies */ = {
			isa = PBXGroup;
			children = (
				780649CB15D6DD2700215377 /* libTestFlight.a */,
				780649CC15D6DD2700215377 /* TestFlight.h */,
				780649C415D6DB4300215377 /* GANTracker.h */,
				780649C515D6DB4300215377 /* libGoogleAnalytics.a */,
				782BC59515D6CBF600243886 /* SVWebViewController */,
				7852E7E315D185B500FF2605 /* Objective-C-HMTL-Parser */,
			);
			name = Dependencies;
			sourceTree = "<group>";
		};
		C3A7B5CA122A8DDD00FE8D9B = {
			isa = PBXGroup;
			children = (
				C32F46B3129A942A00A3675D /* Dependencies */,
				C3A7B5D1122A8DDE00FE8D9B /* Classes */,
				C3A7B5D2122A8DDF00FE8D9B /* Other Sources */,
				C3A7B5D3122A8DDF00FE8D9B /* Resources */,
				C3A7B5D4122A8DDF00FE8D9B /* Frameworks */,
				C3A7B5DA122A8DDF00FE8D9B /* Products */,
			);
			sourceTree = "<group>";
		};
		C3A7B5D1122A8DDE00FE8D9B /* Classes */ = {
			isa = PBXGroup;
			children = (
				78A14FD115D049E900EE58D7 /* AppDelegate.h */,
				78A14FD215D049E900EE58D7 /* AppDelegate.m */,
				78A14FCD15D0474100EE58D7 /* ORFWeatherViewController.h */,
				78A14FCE15D0474100EE58D7 /* ORFWeatherViewController.m */,
				7852E7ED15D1876D00FF2605 /* template.html */,
				780BD80515D383D3000C0A0E /* zepto.js */,
				782BC58F15D525D900243886 /* spin.js */,
				78D7AB2015D93F1100DF9EEF /* UIButtonBarRefresh@2x.png */,
				78CBD1BC15ED240A00CAD2D5 /* VideoForecastViewController.h */,
				78CBD1BD15ED240A00CAD2D5 /* VideoForecastViewController.m */,
				78CBD1C015ED26F900CAD2D5 /* VideoForecast.storyboard */,
			);
			path = Classes;
			sourceTree = "<group>";
		};
		C3A7B5D2122A8DDF00FE8D9B /* Other Sources */ = {
			isa = PBXGroup;
			children = (
				C3A7B5E3122A8DDF00FE8D9B /* wettertxt_Prefix.pch */,
				C3A7B5E7122A8DDF00FE8D9B /* main.m */,
			);
			name = "Other Sources";
			sourceTree = "<group>";
		};
		C3A7B5D3122A8DDF00FE8D9B /* Resources */ = {
			isa = PBXGroup;
			children = (
				780649C215D6DAA700215377 /* Default.png */,
				780649C015D6DAA400215377 /* Default@2x.png */,
				78D1249416AFD647002BC7C9 /* Default-568h@2x.png */,
				78D1248B16AFD602002BC7C9 /* Icon-72.png */,
				78D1248C16AFD602002BC7C9 /* Icon-72@2x.png */,
				78D1248D16AFD602002BC7C9 /* Icon-Small-50.png */,
				78D1248E16AFD602002BC7C9 /* Icon-Small-50@2x.png */,
				C33B13E612363EAB00C1A7A7 /* iTunesArtwork */,
				C33B13EC12363EEE00C1A7A7 /* Icon-Small.png */,
				C33B13ED12363EEE00C1A7A7 /* Icon-Small@2x.png */,
				C34D4379122BD09A0013A586 /* Icon.png */,
				C3D79FF51231224000468261 /* Icon@2x.png */,
				C3FD5DC412362DB100419A3B /* austria@2x.png */,
				C3FD5DC512362DB100419A3B /* burgenland@2x.png */,
				C3FD5DC612362DB100419A3B /* carinthia@2x.png */,
				C3FD5DC712362DB100419A3B /* loweraustria@2x.png */,
				C3FD5DC812362DB100419A3B /* salzburg@2x.png */,
				C3FD5DC912362DB100419A3B /* styria@2x.png */,
				C3FD5DCA12362DB100419A3B /* tyrol@2x.png */,
				C3FD5DCB12362DB100419A3B /* upperaustria@2x.png */,
				C3FD5DCC12362DB100419A3B /* vienna@2x.png */,
				C3FD5DCD12362DB100419A3B /* vorarlberg@2x.png */,
				C314B69E122C4636008640C1 /* carinthia.png */,
				C314B69A122C45AD008640C1 /* vorarlberg.png */,
				C314B695122C4512008640C1 /* tyrol.png */,
				C314B68F122C4475008640C1 /* salzburg.png */,
				C314B68A122C43CD008640C1 /* upperaustria.png */,
				C314B680122C432C008640C1 /* styria.png */,
				C314B67C122C428B008640C1 /* loweraustria.png */,
				C314B66F122C41C3008640C1 /* vienna.png */,
				C314B636122C3F2D008640C1 /* burgenland.png */,
				C314B5FF122C3BA8008640C1 /* austria.png */,
				C373907D12316BAA00CA7599 /* austria@2x.png */,
				C3A7B5E2122A8DDF00FE8D9B /* wettertxt-Info.plist */,
			);
			name = Resources;
			sourceTree = "<group>";
		};
		C3A7B5D4122A8DDF00FE8D9B /* Frameworks */ = {
			isa = PBXGroup;
			children = (
				78CBD1C615EDE75B00CAD2D5 /* AVFoundation.framework */,
				780649CE15D6DD9400215377 /* libz.dylib */,
				780649C915D6DBD100215377 /* CFNetwork.framework */,
				780649C715D6DB4F00215377 /* libsqlite3.dylib */,
				782BC59E15D6CC6600243886 /* MessageUI.framework */,
				C3229D6A122A923D00BE66E2 /* libxml2.dylib */,
				C3A7B5DC122A8DDF00FE8D9B /* UIKit.framework */,
				C3A7B5DE122A8DDF00FE8D9B /* Foundation.framework */,
				C3A7B5E0122A8DDF00FE8D9B /* CoreGraphics.framework */,
				C32F45FF129A900E00A3675D /* QuartzCore.framework */,
			);
			name = Frameworks;
			sourceTree = "<group>";
		};
		C3A7B5DA122A8DDF00FE8D9B /* Products */ = {
			isa = PBXGroup;
			children = (
				C3A7B5D9122A8DDF00FE8D9B /* wettertxt.app */,
			);
			name = Products;
			sourceTree = "<group>";
		};
/* End PBXGroup section */

/* Begin PBXNativeTarget section */
		C3A7B5D8122A8DDF00FE8D9B /* wettertxt */ = {
			isa = PBXNativeTarget;
			buildConfigurationList = C3A7B5F7122A8DE100FE8D9B /* Build configuration list for PBXNativeTarget "wettertxt" */;
			buildPhases = (
				780649D415D6DE4B00215377 /* ShellScript */,
				C3A7B5D5122A8DDF00FE8D9B /* Sources */,
				C3A7B5D6122A8DDF00FE8D9B /* Frameworks */,
				C3A7B5D7122A8DDF00FE8D9B /* Resources */,
			);
			buildRules = (
			);
			dependencies = (
			);
			name = wettertxt;
			productName = wettr;
			productReference = C3A7B5D9122A8DDF00FE8D9B /* wettertxt.app */;
			productType = "com.apple.product-type.application";
		};
/* End PBXNativeTarget section */

/* Begin PBXProject section */
		C3A7B5CC122A8DDD00FE8D9B /* Project object */ = {
			isa = PBXProject;
			attributes = {
				LastUpgradeCheck = 0450;
				ORGANIZATIONNAME = iteractive;
			};
			buildConfigurationList = C3A7B5CF122A8DDD00FE8D9B /* Build configuration list for PBXProject "wettertxt" */;
			compatibilityVersion = "Xcode 3.2";
			developmentRegion = English;
			hasScannedForEncodings = 0;
			knownRegions = (
				en,
				de,
			);
			mainGroup = C3A7B5CA122A8DDD00FE8D9B;
			productRefGroup = C3A7B5DA122A8DDF00FE8D9B /* Products */;
			projectDirPath = "";
			projectRoot = "";
			targets = (
				C3A7B5D8122A8DDF00FE8D9B /* wettertxt */,
			);
		};
/* End PBXProject section */

/* Begin PBXResourcesBuildPhase section */
		C3A7B5D7122A8DDF00FE8D9B /* Resources */ = {
			isa = PBXResourcesBuildPhase;
			buildActionMask = 2147483647;
			files = (
				C34D437A122BD09A0013A586 /* Icon.png in Resources */,
				C314B600122C3BA8008640C1 /* austria.png in Resources */,
				C314B637122C3F2D008640C1 /* burgenland.png in Resources */,
				C314B670122C41C3008640C1 /* vienna.png in Resources */,
				C314B67D122C428B008640C1 /* loweraustria.png in Resources */,
				C314B681122C432C008640C1 /* styria.png in Resources */,
				C314B68B122C43CD008640C1 /* upperaustria.png in Resources */,
				C314B690122C4475008640C1 /* salzburg.png in Resources */,
				C314B696122C4512008640C1 /* tyrol.png in Resources */,
				C314B69B122C45AD008640C1 /* vorarlberg.png in Resources */,
				C314B69F122C4636008640C1 /* carinthia.png in Resources */,
				C3D79FF61231224000468261 /* Icon@2x.png in Resources */,
				C373907E12316BAA00CA7599 /* austria@2x.png in Resources */,
				C3FD5DCF12362DB100419A3B /* burgenland@2x.png in Resources */,
				C3FD5DD012362DB100419A3B /* carinthia@2x.png in Resources */,
				C3FD5DD112362DB100419A3B /* loweraustria@2x.png in Resources */,
				C3FD5DD212362DB100419A3B /* salzburg@2x.png in Resources */,
				C3FD5DD312362DB100419A3B /* styria@2x.png in Resources */,
				C3FD5DD412362DB100419A3B /* tyrol@2x.png in Resources */,
				C3FD5DD512362DB100419A3B /* upperaustria@2x.png in Resources */,
				C3FD5DD612362DB100419A3B /* vienna@2x.png in Resources */,
				C3FD5DD712362DB100419A3B /* vorarlberg@2x.png in Resources */,
				C33B13EE12363EEE00C1A7A7 /* Icon-Small.png in Resources */,
				C33B13EF12363EEE00C1A7A7 /* Icon-Small@2x.png in Resources */,
				7852E7EB15D185B500FF2605 /* README.md in Resources */,
				7852E7EE15D1876D00FF2605 /* template.html in Resources */,
				782BC58D15D4E40600243886 /* zepto.js in Resources */,
				782BC59015D525D900243886 /* spin.js in Resources */,
				782BC59C15D6CBF600243886 /* SVWebViewController.bundle in Resources */,
				780649C115D6DAA400215377 /* Default@2x.png in Resources */,
				780649C315D6DAA700215377 /* Default.png in Resources */,
				78D7AB2115D93F1100DF9EEF /* UIButtonBarRefresh@2x.png in Resources */,
				78CBD1C115ED26F900CAD2D5 /* VideoForecast.storyboard in Resources */,
				78D1248F16AFD602002BC7C9 /* Icon-72.png in Resources */,
				78D1249016AFD602002BC7C9 /* Icon-72@2x.png in Resources */,
				78D1249116AFD602002BC7C9 /* Icon-Small-50.png in Resources */,
				78D1249216AFD602002BC7C9 /* Icon-Small-50@2x.png in Resources */,
				78D1249516AFD647002BC7C9 /* Default-568h@2x.png in Resources */,
			);
			runOnlyForDeploymentPostprocessing = 0;
		};
/* End PBXResourcesBuildPhase section */

/* Begin PBXShellScriptBuildPhase section */
		780649D415D6DE4B00215377 /* ShellScript */ = {
			isa = PBXShellScriptBuildPhase;
			buildActionMask = 12;
			files = (
			);
			inputPaths = (
			);
			outputPaths = (
			);
			runOnlyForDeploymentPostprocessing = 0;
			shellPath = /bin/sh;
			shellScript = "echo \"Updating version/build number from git...\"\n\nplist=${PROJECT_DIR}/${INFOPLIST_FILE}\n\n\n\n# increment the build number (ie 115 to 116)\n\nversionnum=`git describe | awk '{split($0,a,\"-\"); print a[1]}'`\n\nbuildnum=`git describe | awk '{split($0,a,\"-\"); print a[1] \".\" a[2]}'`\n\n\n\nif [[ \"${versionnum}\" == \"\" ]]; then\n\necho \"No version number from git\"\n\nexit 2\n\nfi\n\n\n\nif [[ \"${buildnum}\" == \"\" ]]; then\n\necho \"No build number from git\"\n\nexit 2\n\nfi\n\n\n\n/usr/libexec/Plistbuddy -c \"Set CFBundleShortVersionString $versionnum\" \"${plist}\"\n\necho \"Updated version number to $versionnum\"\n\n\n\n/usr/libexec/Plistbuddy -c \"Set CFBundleVersion $buildnum\" \"${plist}\"\n\necho \"Updated build number to $buildnum\"";
		};
/* End PBXShellScriptBuildPhase section */

/* Begin PBXSourcesBuildPhase section */
		C3A7B5D5122A8DDF00FE8D9B /* Sources */ = {
			isa = PBXSourcesBuildPhase;
			buildActionMask = 2147483647;
			files = (
				C3A7B5E8122A8DDF00FE8D9B /* main.m in Sources */,
				78A14FCF15D0474100EE58D7 /* ORFWeatherViewController.m in Sources */,
				78A14FD315D049E900EE58D7 /* AppDelegate.m in Sources */,
				7852E7E915D185B500FF2605 /* HTMLNode.m in Sources */,
				7852E7EA15D185B500FF2605 /* HTMLParser.m in Sources */,
				782BC59B15D6CBF600243886 /* SVModalWebViewController.m in Sources */,
				782BC59D15D6CBF600243886 /* SVWebViewController.m in Sources */,
				78CBD1BE15ED240A00CAD2D5 /* VideoForecastViewController.m in Sources */,
			);
			runOnlyForDeploymentPostprocessing = 0;
		};
/* End PBXSourcesBuildPhase section */

/* Begin XCBuildConfiguration section */
		C3A7B5F5122A8DE100FE8D9B /* Debug */ = {
			isa = XCBuildConfiguration;
			buildSettings = {
				ARCHS = "$(ARCHS_STANDARD_32_BIT)";
				"CODE_SIGN_IDENTITY[sdk=iphoneos*]" = "iPhone Developer";
				GCC_C_LANGUAGE_STANDARD = gnu99;
				GCC_OPTIMIZATION_LEVEL = 0;
				GCC_PREPROCESSOR_DEFINITIONS = ITA_DEBUG;
				GCC_VERSION = "";
				GCC_WARN_ABOUT_RETURN_TYPE = YES;
				GCC_WARN_PEDANTIC = NO;
				GCC_WARN_UNUSED_VARIABLE = YES;
				HEADER_SEARCH_PATHS = "$(SDKROOT)/usr/include/libxml2";
				IPHONEOS_DEPLOYMENT_TARGET = 4.0;
				OTHER_LDFLAGS = "";
				PREBINDING = "";
				SDKROOT = iphoneos;
			};
			name = Debug;
		};
		C3A7B5F6122A8DE100FE8D9B /* Release */ = {
			isa = XCBuildConfiguration;
			buildSettings = {
				ARCHS = "$(ARCHS_STANDARD_32_BIT)";
				"CODE_SIGN_IDENTITY[sdk=iphoneos*]" = "iPhone Developer";
				GCC_C_LANGUAGE_STANDARD = gnu99;
				GCC_VERSION = "";
				GCC_WARN_ABOUT_RETURN_TYPE = YES;
				GCC_WARN_PEDANTIC = NO;
				GCC_WARN_UNUSED_VARIABLE = YES;
				HEADER_SEARCH_PATHS = "$(SDKROOT)/usr/include/libxml2";
				IPHONEOS_DEPLOYMENT_TARGET = 4.0;
				OTHER_CFLAGS = "-DNS_BLOCK_ASSERTIONS=1";
				OTHER_LDFLAGS = "";
				PREBINDING = "";
				"PROVISIONING_PROFILE[sdk=iphoneos*]" = "";
				SDKROOT = iphoneos;
			};
			name = Release;
		};
		C3A7B5F8122A8DE100FE8D9B /* Debug */ = {
			isa = XCBuildConfiguration;
			buildSettings = {
				ALWAYS_SEARCH_USER_PATHS = NO;
				CLANG_ENABLE_OBJC_ARC = YES;
				COPY_PHASE_STRIP = NO;
				GCC_DYNAMIC_NO_PIC = NO;
				GCC_PRECOMPILE_PREFIX_HEADER = YES;
				GCC_PREFIX_HEADER = wettertxt_Prefix.pch;
				INFOPLIST_FILE = "wettertxt-Info.plist";
				IPHONEOS_DEPLOYMENT_TARGET = 5.0;
				LIBRARY_SEARCH_PATHS = (
					"$(inherited)",
					"\"$(SRCROOT)\"",
				);
				PRODUCT_NAME = wettertxt;
				WRAPPER_EXTENSION = app;
			};
			name = Debug;
		};
		C3A7B5F9122A8DE100FE8D9B /* Release */ = {
			isa = XCBuildConfiguration;
			buildSettings = {
				ALWAYS_SEARCH_USER_PATHS = NO;
				CLANG_ENABLE_OBJC_ARC = YES;
				COPY_PHASE_STRIP = YES;
				GCC_PRECOMPILE_PREFIX_HEADER = YES;
				GCC_PREFIX_HEADER = wettertxt_Prefix.pch;
				INFOPLIST_FILE = "wettertxt-Info.plist";
				IPHONEOS_DEPLOYMENT_TARGET = 5.0;
				LIBRARY_SEARCH_PATHS = (
					"$(inherited)",
					"\"$(SRCROOT)\"",
				);
				PRODUCT_NAME = wettertxt;
				VALIDATE_PRODUCT = YES;
				WRAPPER_EXTENSION = app;
			};
			name = Release;
		};
/* End XCBuildConfiguration section */

/* Begin XCConfigurationList section */
		C3A7B5CF122A8DDD00FE8D9B /* Build configuration list for PBXProject "wettertxt" */ = {
			isa = XCConfigurationList;
			buildConfigurations = (
				C3A7B5F5122A8DE100FE8D9B /* Debug */,
				C3A7B5F6122A8DE100FE8D9B /* Release */,
			);
			defaultConfigurationIsVisible = 0;
			defaultConfigurationName = Release;
		};
		C3A7B5F7122A8DE100FE8D9B /* Build configuration list for PBXNativeTarget "wettertxt" */ = {
			isa = XCConfigurationList;
			buildConfigurations = (
				C3A7B5F8122A8DE100FE8D9B /* Debug */,
				C3A7B5F9122A8DE100FE8D9B /* Release */,
			);
			defaultConfigurationIsVisible = 0;
			defaultConfigurationName = Release;
		};
/* End XCConfigurationList section */
	};
	rootObject = C3A7B5CC122A8DDD00FE8D9B /* Project object */;
}
